
Microsoft Visual Studio Solution File, Format Version 12.00
# Visual Studio Version 17
VisualStudioVersion = 17.12.35707.178
MinimumVisualStudioVersion = 10.0.40219.1
Project("{FAE04EC0-301F-11D3-BF4B-00C04F79EFBC}") = "e_shop.Console", "e_shop.Console\e_shop.Console.csproj", "{A93F7A78-B60B-49DE-81C8-6FC1600534FD}"
EndProject
Project("{FAE04EC0-301F-11D3-BF4B-00C04F79EFBC}") = "e_shop.Domain", "e_shop.Domain\e_shop.Domain.csproj", "{EDC6B63E-B19B-45C4-B521-31F6CFE9A151}"
EndProject
Project("{FAE04EC0-301F-11D3-BF4B-00C04F79EFBC}") = "DataAccess", "DataAccess\DataAccess.csproj", "{E22AA672-23EF-4F4F-9AC7-9E4B08480580}"
EndProject
Global
	GlobalSection(SolutionConfigurationPlatforms) = preSolution
		Debug|Any CPU = Debug|Any CPU
		Release|Any CPU = Release|Any CPU
	EndGlobalSection
	GlobalSection(ProjectConfigurationPlatforms) = postSolution
		{A93F7A78-B60B-49DE-81C8-6FC1600534FD}.Debug|Any CPU.ActiveCfg = Debug|Any CPU
		{A93F7A78-B60B-49DE-81C8-6FC1600534FD}.Debug|Any CPU.Build.0 = Debug|Any CPU
		{A93F7A78-B60B-49DE-81C8-6FC1600534FD}.Release|Any CPU.ActiveCfg = Release|Any CPU
		{A93F7A78-B60B-49DE-81C8-6FC1600534FD}.Release|Any CPU.Build.0 = Release|Any CPU
		{EDC6B63E-B19B-45C4-B521-31F6CFE9A151}.Debug|Any CPU.ActiveCfg = Debug|Any CPU
		{EDC6B63E-B19B-45C4-B521-31F6CFE9A151}.Debug|Any CPU.Build.0 = Debug|Any CPU
		{EDC6B63E-B19B-45C4-B521-31F6CFE9A151}.Release|Any CPU.ActiveCfg = Release|Any CPU
		{EDC6B63E-B19B-45C4-B521-31F6CFE9A151}.Release|Any CPU.Build.0 = Release|Any CPU
		{E22AA672-23EF-4F4F-9AC7-9E4B08480580}.Debug|Any CPU.ActiveCfg = Debug|Any CPU
		{E22AA672-23EF-4F4F-9AC7-9E4B08480580}.Debug|Any CPU.Build.0 = Debug|Any CPU
		{E22AA672-23EF-4F4F-9AC7-9E4B08480580}.Release|Any CPU.ActiveCfg = Release|Any CPU
		{E22AA672-23EF-4F4F-9AC7-9E4B08480580}.Release|Any CPU.Build.0 = Release|Any CPU
	EndGlobalSection
	GlobalSection(SolutionProperties) = preSolution
		HideSolutionNode = FALSE
	EndGlobalSection
EndGlobal
